// !$*UTF8*$!
{
	archiveVersion = 1;
	classes = {
	};
	objectVersion = 46;
	objects = {

/* Begin PBXBuildFile section */
		1BAF1D1C1D2CE67E00996574 /* main.m in Sources */ = {isa = PBXBuildFile; fileRef = 1BAF1D1B1D2CE67E00996574 /* main.m */; };
		1BAF1D1F1D2CE67E00996574 /* AppDelegate.m in Sources */ = {isa = PBXBuildFile; fileRef = 1BAF1D1E1D2CE67E00996574 /* AppDelegate.m */; };
		1BAF1D221D2CE67E00996574 /* ViewController.m in Sources */ = {isa = PBXBuildFile; fileRef = 1BAF1D211D2CE67E00996574 /* ViewController.m */; };
		1BAF1D251D2CE67E00996574 /* Main.storyboard in Resources */ = {isa = PBXBuildFile; fileRef = 1BAF1D231D2CE67E00996574 /* Main.storyboard */; };
		1BAF1D271D2CE67E00996574 /* Assets.xcassets in Resources */ = {isa = PBXBuildFile; fileRef = 1BAF1D261D2CE67E00996574 /* Assets.xcassets */; };
		1BAF1D2A1D2CE67E00996574 /* LaunchScreen.storyboard in Resources */ = {isa = PBXBuildFile; fileRef = 1BAF1D281D2CE67E00996574 /* LaunchScreen.storyboard */; };
		1BAF1D351D2CE67E00996574 /* GCDDemoTests.m in Sources */ = {isa = PBXBuildFile; fileRef = 1BAF1D341D2CE67E00996574 /* GCDDemoTests.m */; };
		1BAF1D401D2CE67E00996574 /* GCDDemoUITests.m in Sources */ = {isa = PBXBuildFile; fileRef = 1BAF1D3F1D2CE67E00996574 /* GCDDemoUITests.m */; };
/* End PBXBuildFile section */

/* Begin PBXContainerItemProxy section */
		1BAF1D311D2CE67E00996574 /* PBXContainerItemProxy */ = {
			isa = PBXContainerItemProxy;
			containerPortal = 1BAF1D0F1D2CE67E00996574 /* Project object */;
			proxyType = 1;
			remoteGlobalIDString = 1BAF1D161D2CE67E00996574;
			remoteInfo = GCDDemo;
		};
		1BAF1D3C1D2CE67E00996574 /* PBXContainerItemProxy */ = {
			isa = PBXContainerItemProxy;
			containerPortal = 1BAF1D0F1D2CE67E00996574 /* Project object */;
			proxyType = 1;
			remoteGlobalIDString = 1BAF1D161D2CE67E00996574;
			remoteInfo = GCDDemo;
		};
/* End PBXContainerItemProxy section */

/* Begin PBXFileReference section */
		1BAF1D171D2CE67E00996574 /* GCDDemo.app */ = {isa = PBXFileReference; explicitFileType = wrapper.application; includeInIndex = 0; path = GCDDemo.app; sourceTree = BUILT_PRODUCTS_DIR; };
		1BAF1D1B1D2CE67E00996574 /* main.m */ = {isa = PBXFileReference; lastKnownFileType = sourcecode.c.objc; path = main.m; sourceTree = "<group>"; };
		1BAF1D1D1D2CE67E00996574 /* AppDelegate.h */ = {isa = PBXFileReference; lastKnownFileType = sourcecode.c.h; path = AppDelegate.h; sourceTree = "<group>"; };
		1BAF1D1E1D2CE67E00996574 /* AppDelegate.m */ = {isa = PBXFileReference; lastKnownFileType = sourcecode.c.objc; path = AppDelegate.m; sourceTree = "<group>"; };
		1BAF1D201D2CE67E00996574 /* ViewController.h */ = {isa = PBXFileReference; lastKnownFileType = sourcecode.c.h; path = ViewController.h; sourceTree = "<group>"; };
		1BAF1D211D2CE67E00996574 /* ViewController.m */ = {isa = PBXFileReference; lastKnownFileType = sourcecode.c.objc; path = ViewController.m; sourceTree = "<group>"; };
		1BAF1D241D2CE67E00996574 /* Base */ = {isa = PBXFileReference; lastKnownFileType = file.storyboard; name = Base; path = Base.lproj/Main.storyboard; sourceTree = "<group>"; };
		1BAF1D261D2CE67E00996574 /* Assets.xcassets */ = {isa = PBXFileReference; lastKnownFileType = folder.assetcatalog; path = Assets.xcassets; sourceTree = "<group>"; };
		1BAF1D291D2CE67E00996574 /* Base */ = {isa = PBXFileReference; lastKnownFileType = file.storyboard; name = Base; path = Base.lproj/LaunchScreen.storyboard; sourceTree = "<group>"; };
		1BAF1D2B1D2CE67E00996574 /* Info.plist */ = {isa = PBXFileReference; lastKnownFileType = text.plist.xml; path = Info.plist; sourceTree = "<group>"; };
		1BAF1D301D2CE67E00996574 /* GCDDemoTests.xctest */ = {isa = PBXFileReference; explicitFileType = wrapper.cfbundle; includeInIndex = 0; path = GCDDemoTests.xctest; sourceTree = BUILT_PRODUCTS_DIR; };
		1BAF1D341D2CE67E00996574 /* GCDDemoTests.m */ = {isa = PBXFileReference; lastKnownFileType = sourcecode.c.objc; path = GCDDemoTests.m; sourceTree = "<group>"; };
		1BAF1D361D2CE67E00996574 /* Info.plist */ = {isa = PBXFileReference; lastKnownFileType = text.plist.xml; path = Info.plist; sourceTree = "<group>"; };
		1BAF1D3B1D2CE67E00996574 /* GCDDemoUITests.xctest */ = {isa = PBXFileReference; explicitFileType = wrapper.cfbundle; includeInIndex = 0; path = GCDDemoUITests.xctest; sourceTree = BUILT_PRODUCTS_DIR; };
		1BAF1D3F1D2CE67E00996574 /* GCDDemoUITests.m */ = {isa = PBXFileReference; lastKnownFileType = sourcecode.c.objc; path = GCDDemoUITests.m; sourceTree = "<group>"; };
		1BAF1D411D2CE67E00996574 /* Info.plist */ = {isa = PBXFileReference; lastKnownFileType = text.plist.xml; path = Info.plist; sourceTree = "<group>"; };
/* End PBXFileReference section */

/* Begin PBXFrameworksBuildPhase section */
		1BAF1D141D2CE67E00996574 /* Frameworks */ = {
			isa = PBXFrameworksBuildPhase;
			buildActionMask = 2147483647;
			files = (
			);
			runOnlyForDeploymentPostprocessing = 0;
		};
		1BAF1D2D1D2CE67E00996574 /* Frameworks */ = {
			isa = PBXFrameworksBuildPhase;
			buildActionMask = 2147483647;
			files = (
			);
			runOnlyForDeploymentPostprocessing = 0;
		};
		1BAF1D381D2CE67E00996574 /* Frameworks */ = {
			isa = PBXFrameworksBuildPhase;
			buildActionMask = 2147483647;
			files = (
			);
			runOnlyForDeploymentPostprocessing = 0;
		};
/* End PBXFrameworksBuildPhase section */

/* Begin PBXGroup section */
		1BAF1D0E1D2CE67E00996574 = {
			isa = PBXGroup;
			children = (
				1BAF1D191D2CE67E00996574 /* GCDDemo */,
				1BAF1D331D2CE67E00996574 /* GCDDemoTests */,
				1BAF1D3E1D2CE67E00996574 /* GCDDemoUITests */,
				1BAF1D181D2CE67E00996574 /* Products */,
			);
			sourceTree = "<group>";
		};
		1BAF1D181D2CE67E00996574 /* Products */ = {
			isa = PBXGroup;
			children = (
				1BAF1D171D2CE67E00996574 /* GCDDemo.app */,
				1BAF1D301D2CE67E00996574 /* GCDDemoTests.xctest */,
				1BAF1D3B1D2CE67E00996574 /* GCDDemoUITests.xctest */,
			);
			name = Products;
			sourceTree = "<group>";
		};
		1BAF1D191D2CE67E00996574 /* GCDDemo */ = {
			isa = PBXGroup;
			children = (
				1BAF1D1D1D2CE67E00996574 /* AppDelegate.h */,
				1BAF1D1E1D2CE67E00996574 /* AppDelegate.m */,
				1BAF1D201D2CE67E00996574 /* ViewController.h */,
				1BAF1D211D2CE67E00996574 /* ViewController.m */,
				1BAF1D231D2CE67E00996574 /* Main.storyboard */,
				1BAF1D261D2CE67E00996574 /* Assets.xcassets */,
				1BAF1D281D2CE67E00996574 /* LaunchScreen.storyboard */,
				1BAF1D2B1D2CE67E00996574 /* Info.plist */,
				1BAF1D1A1D2CE67E00996574 /* Supporting Files */,
			);
			path = GCDDemo;
			sourceTree = "<group>";
		};
		1BAF1D1A1D2CE67E00996574 /* Supporting Files */ = {
			isa = PBXGroup;
			children = (
				1BAF1D1B1D2CE67E00996574 /* main.m */,
			);
			name = "Supporting Files";
			sourceTree = "<group>";
		};
		1BAF1D331D2CE67E00996574 /* GCDDemoTests */ = {
			isa = PBXGroup;
			children = (
				1BAF1D341D2CE67E00996574 /* GCDDemoTests.m */,
				1BAF1D361D2CE67E00996574 /* Info.plist */,
			);
			path = GCDDemoTests;
			sourceTree = "<group>";
		};
		1BAF1D3E1D2CE67E00996574 /* GCDDemoUITests */ = {
			isa = PBXGroup;
			children = (
				1BAF1D3F1D2CE67E00996574 /* GCDDemoUITests.m */,
				1BAF1D411D2CE67E00996574 /* Info.plist */,
			);
			path = GCDDemoUITests;
			sourceTree = "<group>";
		};
/* End PBXGroup section */

/* Begin PBXNativeTarget section */
		1BAF1D161D2CE67E00996574 /* GCDDemo */ = {
			isa = PBXNativeTarget;
			buildConfigurationList = 1BAF1D441D2CE67E00996574 /* Build configuration list for PBXNativeTarget "GCDDemo" */;
			buildPhases = (
				1BAF1D131D2CE67E00996574 /* Sources */,
				1BAF1D141D2CE67E00996574 /* Frameworks */,
				1BAF1D151D2CE67E00996574 /* Resources */,
			);
			buildRules = (
			);
			dependencies = (
			);
			name = GCDDemo;
			productName = GCDDemo;
			productReference = 1BAF1D171D2CE67E00996574 /* GCDDemo.app */;
			productType = "com.apple.product-type.application";
		};
		1BAF1D2F1D2CE67E00996574 /* GCDDemoTests */ = {
			isa = PBXNativeTarget;
			buildConfigurationList = 1BAF1D471D2CE67E00996574 /* Build configuration list for PBXNativeTarget "GCDDemoTests" */;
			buildPhases = (
				1BAF1D2C1D2CE67E00996574 /* Sources */,
				1BAF1D2D1D2CE67E00996574 /* Frameworks */,
				1BAF1D2E1D2CE67E00996574 /* Resources */,
			);
			buildRules = (
			);
			dependencies = (
				1BAF1D321D2CE67E00996574 /* PBXTargetDependency */,
			);
			name = GCDDemoTests;
			productName = GCDDemoTests;
			productReference = 1BAF1D301D2CE67E00996574 /* GCDDemoTests.xctest */;
			productType = "com.apple.product-type.bundle.unit-test";
		};
		1BAF1D3A1D2CE67E00996574 /* GCDDemoUITests */ = {
			isa = PBXNativeTarget;
			buildConfigurationList = 1BAF1D4A1D2CE67E00996574 /* Build configuration list for PBXNativeTarget "GCDDemoUITests" */;
			buildPhases = (
				1BAF1D371D2CE67E00996574 /* Sources */,
				1BAF1D381D2CE67E00996574 /* Frameworks */,
				1BAF1D391D2CE67E00996574 /* Resources */,
			);
			buildRules = (
			);
			dependencies = (
				1BAF1D3D1D2CE67E00996574 /* PBXTargetDependency */,
			);
			name = GCDDemoUITests;
			productName = GCDDemoUITests;
			productReference = 1BAF1D3B1D2CE67E00996574 /* GCDDemoUITests.xctest */;
			productType = "com.apple.product-type.bundle.ui-testing";
		};
/* End PBXNativeTarget section */

/* Begin PBXProject section */
		1BAF1D0F1D2CE67E00996574 /* Project object */ = {
			isa = PBXProject;
			attributes = {
				LastUpgradeCheck = 0730;
				ORGANIZATIONNAME = "bmob-LT";
				TargetAttributes = {
					1BAF1D161D2CE67E00996574 = {
						CreatedOnToolsVersion = 7.3;
					};
					1BAF1D2F1D2CE67E00996574 = {
						CreatedOnToolsVersion = 7.3;
						TestTargetID = 1BAF1D161D2CE67E00996574;
					};
					1BAF1D3A1D2CE67E00996574 = {
						CreatedOnToolsVersion = 7.3;
						TestTargetID = 1BAF1D161D2CE67E00996574;
					};
				};
			};
			buildConfigurationList = 1BAF1D121D2CE67E00996574 /* Build configuration list for PBXProject "GCDDemo" */;
			compatibilityVersion = "Xcode 3.2";
			developmentRegion = English;
			hasScannedForEncodings = 0;
			knownRegions = (
				en,
				Base,
			);
			mainGroup = 1BAF1D0E1D2CE67E00996574;
			productRefGroup = 1BAF1D181D2CE67E00996574 /* Products */;
			projectDirPath = "";
			projectRoot = "";
			targets = (
				1BAF1D161D2CE67E00996574 /* GCDDemo */,
				1BAF1D2F1D2CE67E00996574 /* GCDDemoTests */,
				1BAF1D3A1D2CE67E00996574 /* GCDDemoUITests */,
			);
		};
/* End PBXProject section */

/* Begin PBXResourcesBuildPhase section */
		1BAF1D151D2CE67E00996574 /* Resources */ = {
			isa = PBXResourcesBuildPhase;
			buildActionMask = 2147483647;
			files = (
				1BAF1D2A1D2CE67E00996574 /* LaunchScreen.storyboard in Resources */,
				1BAF1D271D2CE67E00996574 /* Assets.xcassets in Resources */,
				1BAF1D251D2CE67E00996574 /* Main.storyboard in Resources */,
			);
			runOnlyForDeploymentPostprocessing = 0;
		};
		1BAF1D2E1D2CE67E00996574 /* Resources */ = {
			isa = PBXResourcesBuildPhase;
			buildActionMask = 2147483647;
			files = (
			);
			runOnlyForDeploymentPostprocessing = 0;
		};
		1BAF1D391D2CE67E00996574 /* Resources */ = {
			isa = PBXResourcesBuildPhase;
			buildActionMask = 2147483647;
			files = (
			);
			runOnlyForDeploymentPostprocessing = 0;
		};
/* End PBXResourcesBuildPhase section */

/* Begin PBXSourcesBuildPhase section */
		1BAF1D131D2CE67E00996574 /* Sources */ = {
			isa = PBXSourcesBuildPhase;
			buildActionMask = 2147483647;
			files = (
				1BAF1D221D2CE67E00996574 /* ViewController.m in Sources */,
				1BAF1D1F1D2CE67E00996574 /* AppDelegate.m in Sources */,
				1BAF1D1C1D2CE67E00996574 /* main.m in Sources */,
			);
			runOnlyForDeploymentPostprocessing = 0;
		};
		1BAF1D2C1D2CE67E00996574 /* Sources */ = {
			isa = PBXSourcesBuildPhase;
			buildActionMask = 2147483647;
			files = (
				1BAF1D351D2CE67E00996574 /* GCDDemoTests.m in Sources */,
			);
			runOnlyForDeploymentPostprocessing = 0;
		};
		1BAF1D371D2CE67E00996574 /* Sources */ = {
			isa = PBXSourcesBuildPhase;
			buildActionMask = 2147483647;
			files = (
				1BAF1D401D2CE67E00996574 /* GCDDemoUITests.m in Sources */,
			);
			runOnlyForDeploymentPostprocessing = 0;
		};
/* End PBXSourcesBuildPhase section */

/* Begin PBXTargetDependency section */
		1BAF1D321D2CE67E00996574 /* PBXTargetDependency */ = {
			isa = PBXTargetDependency;
			target = 1BAF1D161D2CE67E00996574 /* GCDDemo */;
			targetProxy = 1BAF1D311D2CE67E00996574 /* PBXContainerItemProxy */;
		};
		1BAF1D3D1D2CE67E00996574 /* PBXTargetDependency */ = {
			isa = PBXTargetDependency;
			target = 1BAF1D161D2CE67E00996574 /* GCDDemo */;
			targetProxy = 1BAF1D3C1D2CE67E00996574 /* PBXContainerItemProxy */;
		};
/* End PBXTargetDependency section */

/* Begin PBXVariantGroup section */
		1BAF1D231D2CE67E00996574 /* Main.storyboard */ = {
			isa = PBXVariantGroup;
			children = (
				1BAF1D241D2CE67E00996574 /* Base */,
			);
			name = Main.storyboard;
			sourceTree = "<group>";
		};
		1BAF1D281D2CE67E00996574 /* LaunchScreen.storyboard */ = {
			isa = PBXVariantGroup;
			children = (
				1BAF1D291D2CE67E00996574 /* Base */,
			);
			name = LaunchScreen.storyboard;
			sourceTree = "<group>";
		};
/* End PBXVariantGroup section */

/* Begin XCBuildConfiguration section */
		1BAF1D421D2CE67E00996574 /* Debug */ = {
			isa = XCBuildConfiguration;
			buildSettings = {
				ALWAYS_SEARCH_USER_PATHS = NO;
				CLANG_ANALYZER_NONNULL = YES;
				CLANG_CXX_LANGUAGE_STANDARD = "gnu++0x";
				CLANG_CXX_LIBRARY = "libc++";
				CLANG_ENABLE_MODULES = YES;
				CLANG_ENABLE_OBJC_ARC = YES;
				CLANG_WARN_BOOL_CONVERSION = YES;
				CLANG_WARN_CONSTANT_CONVERSION = YES;
				CLANG_WARN_DIRECT_OBJC_ISA_USAGE = YES_ERROR;
				CLANG_WARN_EMPTY_BODY = YES;
				CLANG_WARN_ENUM_CONVERSION = YES;
				CLANG_WARN_INT_CONVERSION = YES;
				CLANG_WARN_OBJC_ROOT_CLASS = YES_ERROR;
				CLANG_WARN_UNREACHABLE_CODE = YES;
				CLANG_WARN__DUPLICATE_METHOD_MATCH = YES;
				"CODE_SIGN_IDENTITY[sdk=iphoneos*]" = "iPhone Developer";
				COPY_PHASE_STRIP = NO;
				DEBUG_INFORMATION_FORMAT = dwarf;
				ENABLE_STRICT_OBJC_MSGSEND = YES;
				ENABLE_TESTABILITY = YES;
				GCC_C_LANGUAGE_STANDARD = gnu99;
				GCC_DYNAMIC_NO_PIC = NO;
				GCC_NO_COMMON_BLOCKS = YES;
				GCC_OPTIMIZATION_LEVEL = 0;
				GCC_PREPROCESSOR_DEFINITIONS = (
					"DEBUG=1",
					"$(inherited)",
				);
				GCC_WARN_64_TO_32_BIT_CONVERSION = YES;
				GCC_WARN_ABOUT_RETURN_TYPE = YES_ERROR;
				GCC_WARN_UNDECLARED_SELECTOR = YES;
				GCC_WARN_UNINITIALIZED_AUTOS = YES_AGGRESSIVE;
				GCC_WARN_UNUSED_FUNCTION = YES;
				GCC_WARN_UNUSED_VARIABLE = YES;
				IPHONEOS_DEPLOYMENT_TARGET = 9.3;
				MTL_ENABLE_DEBUG_INFO = YES;
				ONLY_ACTIVE_ARCH = YES;
				SDKROOT = iphoneos;
				TARGETED_DEVICE_FAMILY = "1,2";
			};
			name = Debug;
		};
		1BAF1D431D2CE67E00996574 /* Release */ = {
			isa = XCBuildConfiguration;
			buildSettings = {
				ALWAYS_SEARCH_USER_PATHS = NO;
				CLANG_ANALYZER_NONNULL = YES;
				CLANG_CXX_LANGUAGE_STANDARD = "gnu++0x";
				CLANG_CXX_LIBRARY = "libc++";
				CLANG_ENABLE_MODULES = YES;
				CLANG_ENABLE_OBJC_ARC = YES;
				CLANG_WARN_BOOL_CONVERSION = YES;
				CLANG_WARN_CONSTANT_CONVERSION = YES;
				CLANG_WARN_DIRECT_OBJC_ISA_USAGE = YES_ERROR;
				CLANG_WARN_EMPTY_BODY = YES;
				CLANG_WARN_ENUM_CONVERSION = YES;
				CLANG_WARN_INT_CONVERSION = YES;
				CLANG_WARN_OBJC_ROOT_CLASS = YES_ERROR;
				CLANG_WARN_UNREACHABLE_CODE = YES;
				CLANG_WARN__DUPLICATE_METHOD_MATCH = YES;
				"CODE_SIGN_IDENTITY[sdk=iphoneos*]" = "iPhone Developer";
				COPY_PHASE_STRIP = NO;
				DEBUG_INFORMATION_FORMAT = "dwarf-with-dsym";
				ENABLE_NS_ASSERTIONS = NO;
				ENABLE_STRICT_OBJC_MSGSEND = YES;
				GCC_C_LANGUAGE_STANDARD = gnu99;
				GCC_NO_COMMON_BLOCKS = YES;
				GCC_WARN_64_TO_32_BIT_CONVERSION = YES;
				GCC_WARN_ABOUT_RETURN_TYPE = YES_ERROR;
				GCC_WARN_UNDECLARED_SELECTOR = YES;
				GCC_WARN_UNINITIALIZED_AUTOS = YES_AGGRESSIVE;
				GCC_WARN_UNUSED_FUNCTION = YES;
				GCC_WARN_UNUSED_VARIABLE = YES;
				IPHONEOS_DEPLOYMENT_TARGET = 9.3;
				MTL_ENABLE_DEBUG_INFO = NO;
				SDKROOT = iphoneos;
				TARGETED_DEVICE_FAMILY = "1,2";
				VALIDATE_PRODUCT = YES;
			};
			name = Release;
		};
		1BAF1D451D2CE67E00996574 /* Debug */ = {
			isa = XCBuildConfiguration;
			buildSettings = {
				ASSETCATALOG_COMPILER_APPICON_NAME = AppIcon;
				INFOPLIST_FILE = GCDDemo/Info.plist;
				LD_RUNPATH_SEARCH_PATHS = "$(inherited) @executable_path/Frameworks";
				PRODUCT_BUNDLE_IDENTIFIER = limao.GCDDemo;
				PRODUCT_NAME = "$(TARGET_NAME)";
			};
			name = Debug;
		};
		1BAF1D461D2CE67E00996574 /* Release */ = {
			isa = XCBuildConfiguration;
			buildSettings = {
				ASSETCATALOG_COMPILER_APPICON_NAME = AppIcon;
				INFOPLIST_FILE = GCDDemo/Info.plist;
				LD_RUNPATH_SEARCH_PATHS = "$(inherited) @executable_path/Frameworks";
				PRODUCT_BUNDLE_IDENTIFIER = limao.GCDDemo;
				PRODUCT_NAME = "$(TARGET_NAME)";
			};
			name = Release;
		};
		1BAF1D481D2CE67E00996574 /* Debug */ = {
			isa = XCBuildConfiguration;
			buildSettings = {
				BUNDLE_LOADER = "$(TEST_HOST)";
				INFOPLIST_FILE = GCDDemoTests/Info.plist;
				LD_RUNPATH_SEARCH_PATHS = "$(inherited) @executable_path/Frameworks @loader_path/Frameworks";
				PRODUCT_BUNDLE_IDENTIFIER = limao.GCDDemoTests;
				PRODUCT_NAME = "$(TARGET_NAME)";
				TEST_HOST = "$(BUILT_PRODUCTS_DIR)/GCDDemo.app/GCDDemo";
			};
			name = Debug;
		};
		1BAF1D491D2CE67E00996574 /* Release */ = {
			isa = XCBuildConfiguration;
			buildSettings = {
				BUNDLE_LOADER = "$(TEST_HOST)";
				INFOPLIST_FILE = GCDDemoTests/Info.plist;
				LD_RUNPATH_SEARCH_PATHS = "$(inherited) @executable_path/Frameworks @loader_path/Frameworks";
				PRODUCT_BUNDLE_IDENTIFIER = limao.GCDDemoTests;
				PRODUCT_NAME = "$(TARGET_NAME)";
				TEST_HOST = "$(BUILT_PRODUCTS_DIR)/GCDDemo.app/GCDDemo";
			};
			name = Release;
		};
		1BAF1D4B1D2CE67E00996574 /* Debug */ = {
			isa = XCBuildConfiguration;
			buildSettings = {
				INFOPLIST_FILE = GCDDemoUITests/Info.plist;
				LD_RUNPATH_SEARCH_PATHS = "$(inherited) @executable_path/Frameworks @loader_path/Frameworks";
				PRODUCT_BUNDLE_IDENTIFIER = limao.GCDDemoUITests;
				PRODUCT_NAME = "$(TARGET_NAME)";
				TEST_TARGET_NAME = GCDDemo;
			};
			name = Debug;
		};
		1BAF1D4C1D2CE67E00996574 /* Release */ = {
			isa = XCBuildConfiguration;
			buildSettings = {
				INFOPLIST_FILE = GCDDemoUITests/Info.plist;
				LD_RUNPATH_SEARCH_PATHS = "$(inherited) @executable_path/Frameworks @loader_path/Frameworks";
				PRODUCT_BUNDLE_IDENTIFIER = limao.GCDDemoUITests;
				PRODUCT_NAME = "$(TARGET_NAME)";
				TEST_TARGET_NAME = GCDDemo;
			};
			name = Release;
		};
/* End XCBuildConfiguration section */

/* Begin XCConfigurationList section */
		1BAF1D121D2CE67E00996574 /* Build configuration list for PBXProject "GCDDemo" */ = {
			isa = XCConfigurationList;
			buildConfigurations = (
				1BAF1D421D2CE67E00996574 /* Debug */,
				1BAF1D431D2CE67E00996574 /* Release */,
			);
			defaultConfigurationIsVisible = 0;
			defaultConfigurationName = Release;
		};
		1BAF1D441D2CE67E00996574 /* Build configuration list for PBXNativeTarget "GCDDemo" */ = {
			isa = XCConfigurationList;
			buildConfigurations = (
				1BAF1D451D2CE67E00996574 /* Debug */,
				1BAF1D461D2CE67E00996574 /* Release */,
			);
			defaultConfigurationIsVisible = 0;
		};
		1BAF1D471D2CE67E00996574 /* Build configuration list for PBXNativeTarget "GCDDemoTests" */ = {
			isa = XCConfigurationList;
			buildConfigurations = (
				1BAF1D481D2CE67E00996574 /* Debug */,
				1BAF1D491D2CE67E00996574 /* Release */,
			);
			defaultConfigurationIsVisible = 0;
		};
		1BAF1D4A1D2CE67E00996574 /* Build configuration list for PBXNativeTarget "GCDDemoUITests" */ = {
			isa = XCConfigurationList;
			buildConfigurations = (
				1BAF1D4B1D2CE67E00996574 /* Debug */,
				1BAF1D4C1D2CE67E00996574 /* Release */,
			);
			defaultConfigurationIsVisible = 0;
		};
/* End XCConfigurationList section */
	};
	rootObject = 1BAF1D0F1D2CE67E00996574 /* Project object */;
}
