// !$*UTF8*$!
{
	archiveVersion = 1;
	classes = {
	};
	objectVersion = 46;
	objects = {

/* Begin PBXBuildFile section */
		ABC464A51C81ABBE006AAC4C /* main.m in Sources */ = {isa = PBXBuildFile; fileRef = ABC464A41C81ABBE006AAC4C /* main.m */; };
		ABC464A81C81ABBE006AAC4C /* AppDelegate.m in Sources */ = {isa = PBXBuildFile; fileRef = ABC464A71C81ABBE006AAC4C /* AppDelegate.m */; };
		ABC464AE1C81ABBE006AAC4C /* Main.storyboard in Resources */ = {isa = PBXBuildFile; fileRef = ABC464AC1C81ABBE006AAC4C /* Main.storyboard */; };
		ABC464B01C81ABBE006AAC4C /* Assets.xcassets in Resources */ = {isa = PBXBuildFile; fileRef = ABC464AF1C81ABBE006AAC4C /* Assets.xcassets */; };
		ABC464B31C81ABBE006AAC4C /* LaunchScreen.storyboard in Resources */ = {isa = PBXBuildFile; fileRef = ABC464B11C81ABBE006AAC4C /* LaunchScreen.storyboard */; };
		ABC464BC1C82830D006AAC4C /* FavoritesList.m in Sources */ = {isa = PBXBuildFile; fileRef = ABC464BB1C82830D006AAC4C /* FavoritesList.m */; };
		ABC464BF1C828569006AAC4C /* RootViewController.m in Sources */ = {isa = PBXBuildFile; fileRef = ABC464BE1C828569006AAC4C /* RootViewController.m */; };
		ABC464C21C828E2F006AAC4C /* FontListTableViewController.m in Sources */ = {isa = PBXBuildFile; fileRef = ABC464C11C828E2F006AAC4C /* FontListTableViewController.m */; };
		ABC464C51C829759006AAC4C /* FontSizeTableViewController.m in Sources */ = {isa = PBXBuildFile; fileRef = ABC464C41C829759006AAC4C /* FontSizeTableViewController.m */; };
/* End PBXBuildFile section */

/* Begin PBXFileReference section */
		ABC464A01C81ABBE006AAC4C /* 09-Fonts.app */ = {isa = PBXFileReference; explicitFileType = wrapper.application; includeInIndex = 0; path = "09-Fonts.app"; sourceTree = BUILT_PRODUCTS_DIR; };
		ABC464A41C81ABBE006AAC4C /* main.m */ = {isa = PBXFileReference; lastKnownFileType = sourcecode.c.objc; path = main.m; sourceTree = "<group>"; };
		ABC464A61C81ABBE006AAC4C /* AppDelegate.h */ = {isa = PBXFileReference; lastKnownFileType = sourcecode.c.h; path = AppDelegate.h; sourceTree = "<group>"; };
		ABC464A71C81ABBE006AAC4C /* AppDelegate.m */ = {isa = PBXFileReference; lastKnownFileType = sourcecode.c.objc; path = AppDelegate.m; sourceTree = "<group>"; };
		ABC464AD1C81ABBE006AAC4C /* Base */ = {isa = PBXFileReference; lastKnownFileType = file.storyboard; name = Base; path = Base.lproj/Main.storyboard; sourceTree = "<group>"; };
		ABC464AF1C81ABBE006AAC4C /* Assets.xcassets */ = {isa = PBXFileReference; lastKnownFileType = folder.assetcatalog; path = Assets.xcassets; sourceTree = "<group>"; };
		ABC464B21C81ABBE006AAC4C /* Base */ = {isa = PBXFileReference; lastKnownFileType = file.storyboard; name = Base; path = Base.lproj/LaunchScreen.storyboard; sourceTree = "<group>"; };
		ABC464B41C81ABBE006AAC4C /* Info.plist */ = {isa = PBXFileReference; lastKnownFileType = text.plist.xml; path = Info.plist; sourceTree = "<group>"; };
		ABC464BA1C82830D006AAC4C /* FavoritesList.h */ = {isa = PBXFileReference; fileEncoding = 4; lastKnownFileType = sourcecode.c.h; path = FavoritesList.h; sourceTree = "<group>"; };
		ABC464BB1C82830D006AAC4C /* FavoritesList.m */ = {isa = PBXFileReference; fileEncoding = 4; lastKnownFileType = sourcecode.c.objc; path = FavoritesList.m; sourceTree = "<group>"; };
		ABC464BD1C828569006AAC4C /* RootViewController.h */ = {isa = PBXFileReference; fileEncoding = 4; lastKnownFileType = sourcecode.c.h; path = RootViewController.h; sourceTree = "<group>"; };
		ABC464BE1C828569006AAC4C /* RootViewController.m */ = {isa = PBXFileReference; fileEncoding = 4; lastKnownFileType = sourcecode.c.objc; path = RootViewController.m; sourceTree = "<group>"; };
		ABC464C01C828E2F006AAC4C /* FontListTableViewController.h */ = {isa = PBXFileReference; fileEncoding = 4; lastKnownFileType = sourcecode.c.h; path = FontListTableViewController.h; sourceTree = "<group>"; };
		ABC464C11C828E2F006AAC4C /* FontListTableViewController.m */ = {isa = PBXFileReference; fileEncoding = 4; lastKnownFileType = sourcecode.c.objc; path = FontListTableViewController.m; sourceTree = "<group>"; };
		ABC464C31C829759006AAC4C /* FontSizeTableViewController.h */ = {isa = PBXFileReference; fileEncoding = 4; lastKnownFileType = sourcecode.c.h; path = FontSizeTableViewController.h; sourceTree = "<group>"; };
		ABC464C41C829759006AAC4C /* FontSizeTableViewController.m */ = {isa = PBXFileReference; fileEncoding = 4; lastKnownFileType = sourcecode.c.objc; path = FontSizeTableViewController.m; sourceTree = "<group>"; };
/* End PBXFileReference section */

/* Begin PBXFrameworksBuildPhase section */
		ABC4649D1C81ABBE006AAC4C /* Frameworks */ = {
			isa = PBXFrameworksBuildPhase;
			buildActionMask = 2147483647;
			files = (
			);
			runOnlyForDeploymentPostprocessing = 0;
		};
/* End PBXFrameworksBuildPhase section */

/* Begin PBXGroup section */
		ABC464971C81ABBE006AAC4C = {
			isa = PBXGroup;
			children = (
				ABC464A21C81ABBE006AAC4C /* 09-Fonts */,
				ABC464A11C81ABBE006AAC4C /* Products */,
			);
			sourceTree = "<group>";
		};
		ABC464A11C81ABBE006AAC4C /* Products */ = {
			isa = PBXGroup;
			children = (
				ABC464A01C81ABBE006AAC4C /* 09-Fonts.app */,
			);
			name = Products;
			sourceTree = "<group>";
		};
		ABC464A21C81ABBE006AAC4C /* 09-Fonts */ = {
			isa = PBXGroup;
			children = (
				ABC464A61C81ABBE006AAC4C /* AppDelegate.h */,
				ABC464A71C81ABBE006AAC4C /* AppDelegate.m */,
				ABC464AC1C81ABBE006AAC4C /* Main.storyboard */,
				ABC464AF1C81ABBE006AAC4C /* Assets.xcassets */,
				ABC464B11C81ABBE006AAC4C /* LaunchScreen.storyboard */,
				ABC464B41C81ABBE006AAC4C /* Info.plist */,
				ABC464A31C81ABBE006AAC4C /* Supporting Files */,
				ABC464BA1C82830D006AAC4C /* FavoritesList.h */,
				ABC464BB1C82830D006AAC4C /* FavoritesList.m */,
				ABC464BD1C828569006AAC4C /* RootViewController.h */,
				ABC464BE1C828569006AAC4C /* RootViewController.m */,
				ABC464C01C828E2F006AAC4C /* FontListTableViewController.h */,
				ABC464C11C828E2F006AAC4C /* FontListTableViewController.m */,
				ABC464C31C829759006AAC4C /* FontSizeTableViewController.h */,
				ABC464C41C829759006AAC4C /* FontSizeTableViewController.m */,
			);
			path = "09-Fonts";
			sourceTree = "<group>";
		};
		ABC464A31C81ABBE006AAC4C /* Supporting Files */ = {
			isa = PBXGroup;
			children = (
				ABC464A41C81ABBE006AAC4C /* main.m */,
			);
			name = "Supporting Files";
			sourceTree = "<group>";
		};
/* End PBXGroup section */

/* Begin PBXNativeTarget section */
		ABC4649F1C81ABBE006AAC4C /* 09-Fonts */ = {
			isa = PBXNativeTarget;
			buildConfigurationList = ABC464B71C81ABBE006AAC4C /* Build configuration list for PBXNativeTarget "09-Fonts" */;
			buildPhases = (
				ABC4649C1C81ABBE006AAC4C /* Sources */,
				ABC4649D1C81ABBE006AAC4C /* Frameworks */,
				ABC4649E1C81ABBE006AAC4C /* Resources */,
			);
			buildRules = (
			);
			dependencies = (
			);
			name = "09-Fonts";
			productName = "09-Fonts";
			productReference = ABC464A01C81ABBE006AAC4C /* 09-Fonts.app */;
			productType = "com.apple.product-type.application";
		};
/* End PBXNativeTarget section */

/* Begin PBXProject section */
		ABC464981C81ABBE006AAC4C /* Project object */ = {
			isa = PBXProject;
			attributes = {
				LastUpgradeCheck = 0720;
				ORGANIZATIONNAME = limaofuyuanzhang;
				TargetAttributes = {
					ABC4649F1C81ABBE006AAC4C = {
						CreatedOnToolsVersion = 7.2;
					};
				};
			};
			buildConfigurationList = ABC4649B1C81ABBE006AAC4C /* Build configuration list for PBXProject "09-Fonts" */;
			compatibilityVersion = "Xcode 3.2";
			developmentRegion = English;
			hasScannedForEncodings = 0;
			knownRegions = (
				en,
				Base,
			);
			mainGroup = ABC464971C81ABBE006AAC4C;
			productRefGroup = ABC464A11C81ABBE006AAC4C /* Products */;
			projectDirPath = "";
			projectRoot = "";
			targets = (
				ABC4649F1C81ABBE006AAC4C /* 09-Fonts */,
			);
		};
/* End PBXProject section */

/* Begin PBXResourcesBuildPhase section */
		ABC4649E1C81ABBE006AAC4C /* Resources */ = {
			isa = PBXResourcesBuildPhase;
			buildActionMask = 2147483647;
			files = (
				ABC464B31C81ABBE006AAC4C /* LaunchScreen.storyboard in Resources */,
				ABC464B01C81ABBE006AAC4C /* Assets.xcassets in Resources */,
				ABC464AE1C81ABBE006AAC4C /* Main.storyboard in Resources */,
			);
			runOnlyForDeploymentPostprocessing = 0;
		};
/* End PBXResourcesBuildPhase section */

/* Begin PBXSourcesBuildPhase section */
		ABC4649C1C81ABBE006AAC4C /* Sources */ = {
			isa = PBXSourcesBuildPhase;
			buildActionMask = 2147483647;
			files = (
				ABC464BC1C82830D006AAC4C /* FavoritesList.m in Sources */,
				ABC464C51C829759006AAC4C /* FontSizeTableViewController.m in Sources */,
				ABC464A81C81ABBE006AAC4C /* AppDelegate.m in Sources */,
				ABC464C21C828E2F006AAC4C /* FontListTableViewController.m in Sources */,
				ABC464BF1C828569006AAC4C /* RootViewController.m in Sources */,
				ABC464A51C81ABBE006AAC4C /* main.m in Sources */,
			);
			runOnlyForDeploymentPostprocessing = 0;
		};
/* End PBXSourcesBuildPhase section */

/* Begin PBXVariantGroup section */
		ABC464AC1C81ABBE006AAC4C /* Main.storyboard */ = {
			isa = PBXVariantGroup;
			children = (
				ABC464AD1C81ABBE006AAC4C /* Base */,
			);
			name = Main.storyboard;
			sourceTree = "<group>";
		};
		ABC464B11C81ABBE006AAC4C /* LaunchScreen.storyboard */ = {
			isa = PBXVariantGroup;
			children = (
				ABC464B21C81ABBE006AAC4C /* Base */,
			);
			name = LaunchScreen.storyboard;
			sourceTree = "<group>";
		};
/* End PBXVariantGroup section */

/* Begin XCBuildConfiguration section */
		ABC464B51C81ABBE006AAC4C /* Debug */ = {
			isa = XCBuildConfiguration;
			buildSettings = {
				ALWAYS_SEARCH_USER_PATHS = NO;
				CLANG_CXX_LANGUAGE_STANDARD = "gnu++0x";
				CLANG_CXX_LIBRARY = "libc++";
				CLANG_ENABLE_MODULES = YES;
				CLANG_ENABLE_OBJC_ARC = YES;
				CLANG_WARN_BOOL_CONVERSION = YES;
				CLANG_WARN_CONSTANT_CONVERSION = YES;
				CLANG_WARN_DIRECT_OBJC_ISA_USAGE = YES_ERROR;
				CLANG_WARN_EMPTY_BODY = YES;
				CLANG_WARN_ENUM_CONVERSION = YES;
				CLANG_WARN_INT_CONVERSION = YES;
				CLANG_WARN_OBJC_ROOT_CLASS = YES_ERROR;
				CLANG_WARN_UNREACHABLE_CODE = YES;
				CLANG_WARN__DUPLICATE_METHOD_MATCH = YES;
				"CODE_SIGN_IDENTITY[sdk=iphoneos*]" = "iPhone Developer";
				COPY_PHASE_STRIP = NO;
				DEBUG_INFORMATION_FORMAT = dwarf;
				ENABLE_STRICT_OBJC_MSGSEND = YES;
				ENABLE_TESTABILITY = YES;
				GCC_C_LANGUAGE_STANDARD = gnu99;
				GCC_DYNAMIC_NO_PIC = NO;
				GCC_NO_COMMON_BLOCKS = YES;
				GCC_OPTIMIZATION_LEVEL = 0;
				GCC_PREPROCESSOR_DEFINITIONS = (
					"DEBUG=1",
					"$(inherited)",
				);
				GCC_WARN_64_TO_32_BIT_CONVERSION = YES;
				GCC_WARN_ABOUT_RETURN_TYPE = YES_ERROR;
				GCC_WARN_UNDECLARED_SELECTOR = YES;
				GCC_WARN_UNINITIALIZED_AUTOS = YES_AGGRESSIVE;
				GCC_WARN_UNUSED_FUNCTION = YES;
				GCC_WARN_UNUSED_VARIABLE = YES;
				IPHONEOS_DEPLOYMENT_TARGET = 9.2;
				MTL_ENABLE_DEBUG_INFO = YES;
				ONLY_ACTIVE_ARCH = YES;
				SDKROOT = iphoneos;
			};
			name = Debug;
		};
		ABC464B61C81ABBE006AAC4C /* Release */ = {
			isa = XCBuildConfiguration;
			buildSettings = {
				ALWAYS_SEARCH_USER_PATHS = NO;
				CLANG_CXX_LANGUAGE_STANDARD = "gnu++0x";
				CLANG_CXX_LIBRARY = "libc++";
				CLANG_ENABLE_MODULES = YES;
				CLANG_ENABLE_OBJC_ARC = YES;
				CLANG_WARN_BOOL_CONVERSION = YES;
				CLANG_WARN_CONSTANT_CONVERSION = YES;
				CLANG_WARN_DIRECT_OBJC_ISA_USAGE = YES_ERROR;
				CLANG_WARN_EMPTY_BODY = YES;
				CLANG_WARN_ENUM_CONVERSION = YES;
				CLANG_WARN_INT_CONVERSION = YES;
				CLANG_WARN_OBJC_ROOT_CLASS = YES_ERROR;
				CLANG_WARN_UNREACHABLE_CODE = YES;
				CLANG_WARN__DUPLICATE_METHOD_MATCH = YES;
				"CODE_SIGN_IDENTITY[sdk=iphoneos*]" = "iPhone Developer";
				COPY_PHASE_STRIP = NO;
				DEBUG_INFORMATION_FORMAT = "dwarf-with-dsym";
				ENABLE_NS_ASSERTIONS = NO;
				ENABLE_STRICT_OBJC_MSGSEND = YES;
				GCC_C_LANGUAGE_STANDARD = gnu99;
				GCC_NO_COMMON_BLOCKS = YES;
				GCC_WARN_64_TO_32_BIT_CONVERSION = YES;
				GCC_WARN_ABOUT_RETURN_TYPE = YES_ERROR;
				GCC_WARN_UNDECLARED_SELECTOR = YES;
				GCC_WARN_UNINITIALIZED_AUTOS = YES_AGGRESSIVE;
				GCC_WARN_UNUSED_FUNCTION = YES;
				GCC_WARN_UNUSED_VARIABLE = YES;
				IPHONEOS_DEPLOYMENT_TARGET = 9.2;
				MTL_ENABLE_DEBUG_INFO = NO;
				SDKROOT = iphoneos;
				VALIDATE_PRODUCT = YES;
			};
			name = Release;
		};
		ABC464B81C81ABBE006AAC4C /* Debug */ = {
			isa = XCBuildConfiguration;
			buildSettings = {
				ASSETCATALOG_COMPILER_APPICON_NAME = AppIcon;
				INFOPLIST_FILE = "09-Fonts/Info.plist";
				LD_RUNPATH_SEARCH_PATHS = "$(inherited) @executable_path/Frameworks";
				PRODUCT_BUNDLE_IDENTIFIER = "limaofuyuanzhang.-9-Fonts";
				PRODUCT_NAME = "$(TARGET_NAME)";
			};
			name = Debug;
		};
		ABC464B91C81ABBE006AAC4C /* Release */ = {
			isa = XCBuildConfiguration;
			buildSettings = {
				ASSETCATALOG_COMPILER_APPICON_NAME = AppIcon;
				INFOPLIST_FILE = "09-Fonts/Info.plist";
				LD_RUNPATH_SEARCH_PATHS = "$(inherited) @executable_path/Frameworks";
				PRODUCT_BUNDLE_IDENTIFIER = "limaofuyuanzhang.-9-Fonts";
				PRODUCT_NAME = "$(TARGET_NAME)";
			};
			name = Release;
		};
/* End XCBuildConfiguration section */

/* Begin XCConfigurationList section */
		ABC4649B1C81ABBE006AAC4C /* Build configuration list for PBXProject "09-Fonts" */ = {
			isa = XCConfigurationList;
			buildConfigurations = (
				ABC464B51C81ABBE006AAC4C /* Debug */,
				ABC464B61C81ABBE006AAC4C /* Release */,
			);
			defaultConfigurationIsVisible = 0;
			defaultConfigurationName = Release;
		};
		ABC464B71C81ABBE006AAC4C /* Build configuration list for PBXNativeTarget "09-Fonts" */ = {
			isa = XCConfigurationList;
			buildConfigurations = (
				ABC464B81C81ABBE006AAC4C /* Debug */,
				ABC464B91C81ABBE006AAC4C /* Release */,
			);
			defaultConfigurationIsVisible = 0;
		};
/* End XCConfigurationList section */
	};
	rootObject = ABC464981C81ABBE006AAC4C /* Project object */;
}
