// !$*UTF8*$!
{
	archiveVersion = 1;
	classes = {
	};
	objectVersion = 46;
	objects = {

/* Begin PBXBuildFile section */
		1B96039B1D1A6A3F003F10BE /* main.m in Sources */ = {isa = PBXBuildFile; fileRef = 1B96039A1D1A6A3F003F10BE /* main.m */; };
		1B96039E1D1A6A3F003F10BE /* AppDelegate.m in Sources */ = {isa = PBXBuildFile; fileRef = 1B96039D1D1A6A3F003F10BE /* AppDelegate.m */; };
		1B9603A11D1A6A3F003F10BE /* ViewController.m in Sources */ = {isa = PBXBuildFile; fileRef = 1B9603A01D1A6A3F003F10BE /* ViewController.m */; };
		1B9603A41D1A6A3F003F10BE /* Main.storyboard in Resources */ = {isa = PBXBuildFile; fileRef = 1B9603A21D1A6A3F003F10BE /* Main.storyboard */; };
		1B9603A61D1A6A3F003F10BE /* Assets.xcassets in Resources */ = {isa = PBXBuildFile; fileRef = 1B9603A51D1A6A3F003F10BE /* Assets.xcassets */; };
		1B9603A91D1A6A3F003F10BE /* LaunchScreen.storyboard in Resources */ = {isa = PBXBuildFile; fileRef = 1B9603A71D1A6A3F003F10BE /* LaunchScreen.storyboard */; };
		1B9603B41D1A6A3F003F10BE /* LoginDemoTests.m in Sources */ = {isa = PBXBuildFile; fileRef = 1B9603B31D1A6A3F003F10BE /* LoginDemoTests.m */; };
		1B9603BF1D1A6A3F003F10BE /* LoginDemoUITests.m in Sources */ = {isa = PBXBuildFile; fileRef = 1B9603BE1D1A6A3F003F10BE /* LoginDemoUITests.m */; };
		1B96040E1D1A7353003F10BE /* podfile in Resources */ = {isa = PBXBuildFile; fileRef = 1B96040D1D1A7353003F10BE /* podfile */; };
		1B9604101D1A74DD003F10BE /* LoginAndRegister.storyboard in Resources */ = {isa = PBXBuildFile; fileRef = 1B96040F1D1A74DD003F10BE /* LoginAndRegister.storyboard */; };
		1B9604131D1A7714003F10BE /* LoginViewController.m in Sources */ = {isa = PBXBuildFile; fileRef = 1B9604121D1A7714003F10BE /* LoginViewController.m */; };
		1B9604161D1A7746003F10BE /* RegisterViewController.m in Sources */ = {isa = PBXBuildFile; fileRef = 1B9604151D1A7746003F10BE /* RegisterViewController.m */; };
		AB7F34B11D1AD185003CD8AB /* BindMobilePhoneViewController.m in Sources */ = {isa = PBXBuildFile; fileRef = AB7F34B01D1AD185003CD8AB /* BindMobilePhoneViewController.m */; };
		AB7F34B41D1AD1B2003CD8AB /* FindPasswordViewController.m in Sources */ = {isa = PBXBuildFile; fileRef = AB7F34B31D1AD1B2003CD8AB /* FindPasswordViewController.m */; };
		D912736FC97AEF55B9A16A33 /* libPods.a in Frameworks */ = {isa = PBXBuildFile; fileRef = AD9C70A74CF491C8EA8C90A5 /* libPods.a */; };
/* End PBXBuildFile section */

/* Begin PBXContainerItemProxy section */
		1B9603B01D1A6A3F003F10BE /* PBXContainerItemProxy */ = {
			isa = PBXContainerItemProxy;
			containerPortal = 1B96038E1D1A6A3F003F10BE /* Project object */;
			proxyType = 1;
			remoteGlobalIDString = 1B9603951D1A6A3F003F10BE;
			remoteInfo = LoginDemo;
		};
		1B9603BB1D1A6A3F003F10BE /* PBXContainerItemProxy */ = {
			isa = PBXContainerItemProxy;
			containerPortal = 1B96038E1D1A6A3F003F10BE /* Project object */;
			proxyType = 1;
			remoteGlobalIDString = 1B9603951D1A6A3F003F10BE;
			remoteInfo = LoginDemo;
		};
/* End PBXContainerItemProxy section */

/* Begin PBXFileReference section */
		1B9603961D1A6A3F003F10BE /* LoginDemo.app */ = {isa = PBXFileReference; explicitFileType = wrapper.application; includeInIndex = 0; path = LoginDemo.app; sourceTree = BUILT_PRODUCTS_DIR; };
		1B96039A1D1A6A3F003F10BE /* main.m */ = {isa = PBXFileReference; lastKnownFileType = sourcecode.c.objc; path = main.m; sourceTree = "<group>"; };
		1B96039C1D1A6A3F003F10BE /* AppDelegate.h */ = {isa = PBXFileReference; lastKnownFileType = sourcecode.c.h; path = AppDelegate.h; sourceTree = "<group>"; };
		1B96039D1D1A6A3F003F10BE /* AppDelegate.m */ = {isa = PBXFileReference; lastKnownFileType = sourcecode.c.objc; path = AppDelegate.m; sourceTree = "<group>"; };
		1B96039F1D1A6A3F003F10BE /* ViewController.h */ = {isa = PBXFileReference; lastKnownFileType = sourcecode.c.h; path = ViewController.h; sourceTree = "<group>"; };
		1B9603A01D1A6A3F003F10BE /* ViewController.m */ = {isa = PBXFileReference; lastKnownFileType = sourcecode.c.objc; path = ViewController.m; sourceTree = "<group>"; };
		1B9603A31D1A6A3F003F10BE /* Base */ = {isa = PBXFileReference; lastKnownFileType = file.storyboard; name = Base; path = Base.lproj/Main.storyboard; sourceTree = "<group>"; };
		1B9603A51D1A6A3F003F10BE /* Assets.xcassets */ = {isa = PBXFileReference; lastKnownFileType = folder.assetcatalog; path = Assets.xcassets; sourceTree = "<group>"; };
		1B9603A81D1A6A3F003F10BE /* Base */ = {isa = PBXFileReference; lastKnownFileType = file.storyboard; name = Base; path = Base.lproj/LaunchScreen.storyboard; sourceTree = "<group>"; };
		1B9603AA1D1A6A3F003F10BE /* Info.plist */ = {isa = PBXFileReference; lastKnownFileType = text.plist.xml; path = Info.plist; sourceTree = "<group>"; };
		1B9603AF1D1A6A3F003F10BE /* LoginDemoTests.xctest */ = {isa = PBXFileReference; explicitFileType = wrapper.cfbundle; includeInIndex = 0; path = LoginDemoTests.xctest; sourceTree = BUILT_PRODUCTS_DIR; };
		1B9603B31D1A6A3F003F10BE /* LoginDemoTests.m */ = {isa = PBXFileReference; lastKnownFileType = sourcecode.c.objc; path = LoginDemoTests.m; sourceTree = "<group>"; };
		1B9603B51D1A6A3F003F10BE /* Info.plist */ = {isa = PBXFileReference; lastKnownFileType = text.plist.xml; path = Info.plist; sourceTree = "<group>"; };
		1B9603BA1D1A6A3F003F10BE /* LoginDemoUITests.xctest */ = {isa = PBXFileReference; explicitFileType = wrapper.cfbundle; includeInIndex = 0; path = LoginDemoUITests.xctest; sourceTree = BUILT_PRODUCTS_DIR; };
		1B9603BE1D1A6A3F003F10BE /* LoginDemoUITests.m */ = {isa = PBXFileReference; lastKnownFileType = sourcecode.c.objc; path = LoginDemoUITests.m; sourceTree = "<group>"; };
		1B9603C01D1A6A3F003F10BE /* Info.plist */ = {isa = PBXFileReference; lastKnownFileType = text.plist.xml; path = Info.plist; sourceTree = "<group>"; };
		1B96040D1D1A7353003F10BE /* podfile */ = {isa = PBXFileReference; fileEncoding = 4; lastKnownFileType = text; path = podfile; sourceTree = "<group>"; };
		1B96040F1D1A74DD003F10BE /* LoginAndRegister.storyboard */ = {isa = PBXFileReference; fileEncoding = 4; lastKnownFileType = file.storyboard; path = LoginAndRegister.storyboard; sourceTree = "<group>"; };
		1B9604111D1A7714003F10BE /* LoginViewController.h */ = {isa = PBXFileReference; fileEncoding = 4; lastKnownFileType = sourcecode.c.h; path = LoginViewController.h; sourceTree = "<group>"; };
		1B9604121D1A7714003F10BE /* LoginViewController.m */ = {isa = PBXFileReference; fileEncoding = 4; lastKnownFileType = sourcecode.c.objc; path = LoginViewController.m; sourceTree = "<group>"; };
		1B9604141D1A7746003F10BE /* RegisterViewController.h */ = {isa = PBXFileReference; fileEncoding = 4; lastKnownFileType = sourcecode.c.h; path = RegisterViewController.h; sourceTree = "<group>"; };
		1B9604151D1A7746003F10BE /* RegisterViewController.m */ = {isa = PBXFileReference; fileEncoding = 4; lastKnownFileType = sourcecode.c.objc; path = RegisterViewController.m; sourceTree = "<group>"; };
		694B38134192002A21A26A84 /* Pods.release.xcconfig */ = {isa = PBXFileReference; includeInIndex = 1; lastKnownFileType = text.xcconfig; name = Pods.release.xcconfig; path = "Pods/Target Support Files/Pods/Pods.release.xcconfig"; sourceTree = "<group>"; };
		AB7F34AF1D1AD185003CD8AB /* BindMobilePhoneViewController.h */ = {isa = PBXFileReference; fileEncoding = 4; lastKnownFileType = sourcecode.c.h; path = BindMobilePhoneViewController.h; sourceTree = "<group>"; };
		AB7F34B01D1AD185003CD8AB /* BindMobilePhoneViewController.m */ = {isa = PBXFileReference; fileEncoding = 4; lastKnownFileType = sourcecode.c.objc; path = BindMobilePhoneViewController.m; sourceTree = "<group>"; };
		AB7F34B21D1AD1B2003CD8AB /* FindPasswordViewController.h */ = {isa = PBXFileReference; fileEncoding = 4; lastKnownFileType = sourcecode.c.h; path = FindPasswordViewController.h; sourceTree = "<group>"; };
		AB7F34B31D1AD1B2003CD8AB /* FindPasswordViewController.m */ = {isa = PBXFileReference; fileEncoding = 4; lastKnownFileType = sourcecode.c.objc; path = FindPasswordViewController.m; sourceTree = "<group>"; };
		AD9C70A74CF491C8EA8C90A5 /* libPods.a */ = {isa = PBXFileReference; explicitFileType = archive.ar; includeInIndex = 0; path = libPods.a; sourceTree = BUILT_PRODUCTS_DIR; };
		DB9ECE47B9F1BE6D39D6C093 /* Pods.debug.xcconfig */ = {isa = PBXFileReference; includeInIndex = 1; lastKnownFileType = text.xcconfig; name = Pods.debug.xcconfig; path = "Pods/Target Support Files/Pods/Pods.debug.xcconfig"; sourceTree = "<group>"; };
/* End PBXFileReference section */

/* Begin PBXFrameworksBuildPhase section */
		1B9603931D1A6A3F003F10BE /* Frameworks */ = {
			isa = PBXFrameworksBuildPhase;
			buildActionMask = 2147483647;
			files = (
				D912736FC97AEF55B9A16A33 /* libPods.a in Frameworks */,
			);
			runOnlyForDeploymentPostprocessing = 0;
		};
		1B9603AC1D1A6A3F003F10BE /* Frameworks */ = {
			isa = PBXFrameworksBuildPhase;
			buildActionMask = 2147483647;
			files = (
			);
			runOnlyForDeploymentPostprocessing = 0;
		};
		1B9603B71D1A6A3F003F10BE /* Frameworks */ = {
			isa = PBXFrameworksBuildPhase;
			buildActionMask = 2147483647;
			files = (
			);
			runOnlyForDeploymentPostprocessing = 0;
		};
/* End PBXFrameworksBuildPhase section */

/* Begin PBXGroup section */
		1B96038D1D1A6A3F003F10BE = {
			isa = PBXGroup;
			children = (
				1B96040D1D1A7353003F10BE /* podfile */,
				1B9603981D1A6A3F003F10BE /* LoginDemo */,
				1B9603B21D1A6A3F003F10BE /* LoginDemoTests */,
				1B9603BD1D1A6A3F003F10BE /* LoginDemoUITests */,
				1B9603971D1A6A3F003F10BE /* Products */,
				F6F656E13E39F1C4444D24F8 /* Pods */,
				C51871BE090F6C60F9B40F18 /* Frameworks */,
			);
			sourceTree = "<group>";
		};
		1B9603971D1A6A3F003F10BE /* Products */ = {
			isa = PBXGroup;
			children = (
				1B9603961D1A6A3F003F10BE /* LoginDemo.app */,
				1B9603AF1D1A6A3F003F10BE /* LoginDemoTests.xctest */,
				1B9603BA1D1A6A3F003F10BE /* LoginDemoUITests.xctest */,
			);
			name = Products;
			sourceTree = "<group>";
		};
		1B9603981D1A6A3F003F10BE /* LoginDemo */ = {
			isa = PBXGroup;
			children = (
				1B9604111D1A7714003F10BE /* LoginViewController.h */,
				1B9604121D1A7714003F10BE /* LoginViewController.m */,
				1B9604141D1A7746003F10BE /* RegisterViewController.h */,
				1B9604151D1A7746003F10BE /* RegisterViewController.m */,
				AB7F34AF1D1AD185003CD8AB /* BindMobilePhoneViewController.h */,
				AB7F34B01D1AD185003CD8AB /* BindMobilePhoneViewController.m */,
				AB7F34B21D1AD1B2003CD8AB /* FindPasswordViewController.h */,
				AB7F34B31D1AD1B2003CD8AB /* FindPasswordViewController.m */,
				1B96040F1D1A74DD003F10BE /* LoginAndRegister.storyboard */,
				1B96039C1D1A6A3F003F10BE /* AppDelegate.h */,
				1B96039D1D1A6A3F003F10BE /* AppDelegate.m */,
				1B96039F1D1A6A3F003F10BE /* ViewController.h */,
				1B9603A01D1A6A3F003F10BE /* ViewController.m */,
				1B9603A21D1A6A3F003F10BE /* Main.storyboard */,
				1B9603A51D1A6A3F003F10BE /* Assets.xcassets */,
				1B9603A71D1A6A3F003F10BE /* LaunchScreen.storyboard */,
				1B9603AA1D1A6A3F003F10BE /* Info.plist */,
				1B9603991D1A6A3F003F10BE /* Supporting Files */,
			);
			path = LoginDemo;
			sourceTree = "<group>";
		};
		1B9603991D1A6A3F003F10BE /* Supporting Files */ = {
			isa = PBXGroup;
			children = (
				1B96039A1D1A6A3F003F10BE /* main.m */,
			);
			name = "Supporting Files";
			sourceTree = "<group>";
		};
		1B9603B21D1A6A3F003F10BE /* LoginDemoTests */ = {
			isa = PBXGroup;
			children = (
				1B9603B31D1A6A3F003F10BE /* LoginDemoTests.m */,
				1B9603B51D1A6A3F003F10BE /* Info.plist */,
			);
			path = LoginDemoTests;
			sourceTree = "<group>";
		};
		1B9603BD1D1A6A3F003F10BE /* LoginDemoUITests */ = {
			isa = PBXGroup;
			children = (
				1B9603BE1D1A6A3F003F10BE /* LoginDemoUITests.m */,
				1B9603C01D1A6A3F003F10BE /* Info.plist */,
			);
			path = LoginDemoUITests;
			sourceTree = "<group>";
		};
		C51871BE090F6C60F9B40F18 /* Frameworks */ = {
			isa = PBXGroup;
			children = (
				AD9C70A74CF491C8EA8C90A5 /* libPods.a */,
			);
			name = Frameworks;
			sourceTree = "<group>";
		};
		F6F656E13E39F1C4444D24F8 /* Pods */ = {
			isa = PBXGroup;
			children = (
				DB9ECE47B9F1BE6D39D6C093 /* Pods.debug.xcconfig */,
				694B38134192002A21A26A84 /* Pods.release.xcconfig */,
			);
			name = Pods;
			sourceTree = "<group>";
		};
/* End PBXGroup section */

/* Begin PBXNativeTarget section */
		1B9603951D1A6A3F003F10BE /* LoginDemo */ = {
			isa = PBXNativeTarget;
			buildConfigurationList = 1B9603C31D1A6A3F003F10BE /* Build configuration list for PBXNativeTarget "LoginDemo" */;
			buildPhases = (
				4300E02B45D8E15EF34EFA2C /* Check Pods Manifest.lock */,
				1B9603921D1A6A3F003F10BE /* Sources */,
				1B9603931D1A6A3F003F10BE /* Frameworks */,
				1B9603941D1A6A3F003F10BE /* Resources */,
				96EA6D1686BA25BA81D8289C /* Embed Pods Frameworks */,
				0462C6B30098B7C45A839FCD /* Copy Pods Resources */,
			);
			buildRules = (
			);
			dependencies = (
			);
			name = LoginDemo;
			productName = LoginDemo;
			productReference = 1B9603961D1A6A3F003F10BE /* LoginDemo.app */;
			productType = "com.apple.product-type.application";
		};
		1B9603AE1D1A6A3F003F10BE /* LoginDemoTests */ = {
			isa = PBXNativeTarget;
			buildConfigurationList = 1B9603C61D1A6A3F003F10BE /* Build configuration list for PBXNativeTarget "LoginDemoTests" */;
			buildPhases = (
				1B9603AB1D1A6A3F003F10BE /* Sources */,
				1B9603AC1D1A6A3F003F10BE /* Frameworks */,
				1B9603AD1D1A6A3F003F10BE /* Resources */,
			);
			buildRules = (
			);
			dependencies = (
				1B9603B11D1A6A3F003F10BE /* PBXTargetDependency */,
			);
			name = LoginDemoTests;
			productName = LoginDemoTests;
			productReference = 1B9603AF1D1A6A3F003F10BE /* LoginDemoTests.xctest */;
			productType = "com.apple.product-type.bundle.unit-test";
		};
		1B9603B91D1A6A3F003F10BE /* LoginDemoUITests */ = {
			isa = PBXNativeTarget;
			buildConfigurationList = 1B9603C91D1A6A3F003F10BE /* Build configuration list for PBXNativeTarget "LoginDemoUITests" */;
			buildPhases = (
				1B9603B61D1A6A3F003F10BE /* Sources */,
				1B9603B71D1A6A3F003F10BE /* Frameworks */,
				1B9603B81D1A6A3F003F10BE /* Resources */,
			);
			buildRules = (
			);
			dependencies = (
				1B9603BC1D1A6A3F003F10BE /* PBXTargetDependency */,
			);
			name = LoginDemoUITests;
			productName = LoginDemoUITests;
			productReference = 1B9603BA1D1A6A3F003F10BE /* LoginDemoUITests.xctest */;
			productType = "com.apple.product-type.bundle.ui-testing";
		};
/* End PBXNativeTarget section */

/* Begin PBXProject section */
		1B96038E1D1A6A3F003F10BE /* Project object */ = {
			isa = PBXProject;
			attributes = {
				LastUpgradeCheck = 0730;
				ORGANIZATIONNAME = "bmob-LT";
				TargetAttributes = {
					1B9603951D1A6A3F003F10BE = {
						CreatedOnToolsVersion = 7.3;
					};
					1B9603AE1D1A6A3F003F10BE = {
						CreatedOnToolsVersion = 7.3;
						TestTargetID = 1B9603951D1A6A3F003F10BE;
					};
					1B9603B91D1A6A3F003F10BE = {
						CreatedOnToolsVersion = 7.3;
						TestTargetID = 1B9603951D1A6A3F003F10BE;
					};
				};
			};
			buildConfigurationList = 1B9603911D1A6A3F003F10BE /* Build configuration list for PBXProject "LoginDemo" */;
			compatibilityVersion = "Xcode 3.2";
			developmentRegion = English;
			hasScannedForEncodings = 0;
			knownRegions = (
				en,
				Base,
			);
			mainGroup = 1B96038D1D1A6A3F003F10BE;
			productRefGroup = 1B9603971D1A6A3F003F10BE /* Products */;
			projectDirPath = "";
			projectRoot = "";
			targets = (
				1B9603951D1A6A3F003F10BE /* LoginDemo */,
				1B9603AE1D1A6A3F003F10BE /* LoginDemoTests */,
				1B9603B91D1A6A3F003F10BE /* LoginDemoUITests */,
			);
		};
/* End PBXProject section */

/* Begin PBXResourcesBuildPhase section */
		1B9603941D1A6A3F003F10BE /* Resources */ = {
			isa = PBXResourcesBuildPhase;
			buildActionMask = 2147483647;
			files = (
				1B9603A91D1A6A3F003F10BE /* LaunchScreen.storyboard in Resources */,
				1B9603A61D1A6A3F003F10BE /* Assets.xcassets in Resources */,
				1B96040E1D1A7353003F10BE /* podfile in Resources */,
				1B9604101D1A74DD003F10BE /* LoginAndRegister.storyboard in Resources */,
				1B9603A41D1A6A3F003F10BE /* Main.storyboard in Resources */,
			);
			runOnlyForDeploymentPostprocessing = 0;
		};
		1B9603AD1D1A6A3F003F10BE /* Resources */ = {
			isa = PBXResourcesBuildPhase;
			buildActionMask = 2147483647;
			files = (
			);
			runOnlyForDeploymentPostprocessing = 0;
		};
		1B9603B81D1A6A3F003F10BE /* Resources */ = {
			isa = PBXResourcesBuildPhase;
			buildActionMask = 2147483647;
			files = (
			);
			runOnlyForDeploymentPostprocessing = 0;
		};
/* End PBXResourcesBuildPhase section */

/* Begin PBXShellScriptBuildPhase section */
		0462C6B30098B7C45A839FCD /* Copy Pods Resources */ = {
			isa = PBXShellScriptBuildPhase;
			buildActionMask = 2147483647;
			files = (
			);
			inputPaths = (
			);
			name = "Copy Pods Resources";
			outputPaths = (
			);
			runOnlyForDeploymentPostprocessing = 0;
			shellPath = /bin/sh;
			shellScript = "\"${SRCROOT}/Pods/Target Support Files/Pods/Pods-resources.sh\"\n";
			showEnvVarsInLog = 0;
		};
		4300E02B45D8E15EF34EFA2C /* Check Pods Manifest.lock */ = {
			isa = PBXShellScriptBuildPhase;
			buildActionMask = 2147483647;
			files = (
			);
			inputPaths = (
			);
			name = "Check Pods Manifest.lock";
			outputPaths = (
			);
			runOnlyForDeploymentPostprocessing = 0;
			shellPath = /bin/sh;
			shellScript = "diff \"${PODS_ROOT}/../Podfile.lock\" \"${PODS_ROOT}/Manifest.lock\" > /dev/null\nif [[ $? != 0 ]] ; then\n    cat << EOM\nerror: The sandbox is not in sync with the Podfile.lock. Run 'pod install' or update your CocoaPods installation.\nEOM\n    exit 1\nfi\n";
			showEnvVarsInLog = 0;
		};
		96EA6D1686BA25BA81D8289C /* Embed Pods Frameworks */ = {
			isa = PBXShellScriptBuildPhase;
			buildActionMask = 2147483647;
			files = (
			);
			inputPaths = (
			);
			name = "Embed Pods Frameworks";
			outputPaths = (
			);
			runOnlyForDeploymentPostprocessing = 0;
			shellPath = /bin/sh;
			shellScript = "\"${SRCROOT}/Pods/Target Support Files/Pods/Pods-frameworks.sh\"\n";
			showEnvVarsInLog = 0;
		};
/* End PBXShellScriptBuildPhase section */

/* Begin PBXSourcesBuildPhase section */
		1B9603921D1A6A3F003F10BE /* Sources */ = {
			isa = PBXSourcesBuildPhase;
			buildActionMask = 2147483647;
			files = (
				AB7F34B11D1AD185003CD8AB /* BindMobilePhoneViewController.m in Sources */,
				1B9604161D1A7746003F10BE /* RegisterViewController.m in Sources */,
				1B9604131D1A7714003F10BE /* LoginViewController.m in Sources */,
				1B9603A11D1A6A3F003F10BE /* ViewController.m in Sources */,
				AB7F34B41D1AD1B2003CD8AB /* FindPasswordViewController.m in Sources */,
				1B96039E1D1A6A3F003F10BE /* AppDelegate.m in Sources */,
				1B96039B1D1A6A3F003F10BE /* main.m in Sources */,
			);
			runOnlyForDeploymentPostprocessing = 0;
		};
		1B9603AB1D1A6A3F003F10BE /* Sources */ = {
			isa = PBXSourcesBuildPhase;
			buildActionMask = 2147483647;
			files = (
				1B9603B41D1A6A3F003F10BE /* LoginDemoTests.m in Sources */,
			);
			runOnlyForDeploymentPostprocessing = 0;
		};
		1B9603B61D1A6A3F003F10BE /* Sources */ = {
			isa = PBXSourcesBuildPhase;
			buildActionMask = 2147483647;
			files = (
				1B9603BF1D1A6A3F003F10BE /* LoginDemoUITests.m in Sources */,
			);
			runOnlyForDeploymentPostprocessing = 0;
		};
/* End PBXSourcesBuildPhase section */

/* Begin PBXTargetDependency section */
		1B9603B11D1A6A3F003F10BE /* PBXTargetDependency */ = {
			isa = PBXTargetDependency;
			target = 1B9603951D1A6A3F003F10BE /* LoginDemo */;
			targetProxy = 1B9603B01D1A6A3F003F10BE /* PBXContainerItemProxy */;
		};
		1B9603BC1D1A6A3F003F10BE /* PBXTargetDependency */ = {
			isa = PBXTargetDependency;
			target = 1B9603951D1A6A3F003F10BE /* LoginDemo */;
			targetProxy = 1B9603BB1D1A6A3F003F10BE /* PBXContainerItemProxy */;
		};
/* End PBXTargetDependency section */

/* Begin PBXVariantGroup section */
		1B9603A21D1A6A3F003F10BE /* Main.storyboard */ = {
			isa = PBXVariantGroup;
			children = (
				1B9603A31D1A6A3F003F10BE /* Base */,
			);
			name = Main.storyboard;
			sourceTree = "<group>";
		};
		1B9603A71D1A6A3F003F10BE /* LaunchScreen.storyboard */ = {
			isa = PBXVariantGroup;
			children = (
				1B9603A81D1A6A3F003F10BE /* Base */,
			);
			name = LaunchScreen.storyboard;
			sourceTree = "<group>";
		};
/* End PBXVariantGroup section */

/* Begin XCBuildConfiguration section */
		1B9603C11D1A6A3F003F10BE /* Debug */ = {
			isa = XCBuildConfiguration;
			buildSettings = {
				ALWAYS_SEARCH_USER_PATHS = NO;
				CLANG_ANALYZER_NONNULL = YES;
				CLANG_CXX_LANGUAGE_STANDARD = "gnu++0x";
				CLANG_CXX_LIBRARY = "libc++";
				CLANG_ENABLE_MODULES = YES;
				CLANG_ENABLE_OBJC_ARC = YES;
				CLANG_WARN_BOOL_CONVERSION = YES;
				CLANG_WARN_CONSTANT_CONVERSION = YES;
				CLANG_WARN_DIRECT_OBJC_ISA_USAGE = YES_ERROR;
				CLANG_WARN_EMPTY_BODY = YES;
				CLANG_WARN_ENUM_CONVERSION = YES;
				CLANG_WARN_INT_CONVERSION = YES;
				CLANG_WARN_OBJC_ROOT_CLASS = YES_ERROR;
				CLANG_WARN_UNREACHABLE_CODE = YES;
				CLANG_WARN__DUPLICATE_METHOD_MATCH = YES;
				"CODE_SIGN_IDENTITY[sdk=iphoneos*]" = "iPhone Developer";
				COPY_PHASE_STRIP = NO;
				DEBUG_INFORMATION_FORMAT = dwarf;
				ENABLE_STRICT_OBJC_MSGSEND = YES;
				ENABLE_TESTABILITY = YES;
				GCC_C_LANGUAGE_STANDARD = gnu99;
				GCC_DYNAMIC_NO_PIC = NO;
				GCC_NO_COMMON_BLOCKS = YES;
				GCC_OPTIMIZATION_LEVEL = 0;
				GCC_PREPROCESSOR_DEFINITIONS = (
					"DEBUG=1",
					"$(inherited)",
				);
				GCC_WARN_64_TO_32_BIT_CONVERSION = YES;
				GCC_WARN_ABOUT_RETURN_TYPE = YES_ERROR;
				GCC_WARN_UNDECLARED_SELECTOR = YES;
				GCC_WARN_UNINITIALIZED_AUTOS = YES_AGGRESSIVE;
				GCC_WARN_UNUSED_FUNCTION = YES;
				GCC_WARN_UNUSED_VARIABLE = YES;
				IPHONEOS_DEPLOYMENT_TARGET = 9.3;
				MTL_ENABLE_DEBUG_INFO = YES;
				ONLY_ACTIVE_ARCH = YES;
				SDKROOT = iphoneos;
				TARGETED_DEVICE_FAMILY = "1,2";
			};
			name = Debug;
		};
		1B9603C21D1A6A3F003F10BE /* Release */ = {
			isa = XCBuildConfiguration;
			buildSettings = {
				ALWAYS_SEARCH_USER_PATHS = NO;
				CLANG_ANALYZER_NONNULL = YES;
				CLANG_CXX_LANGUAGE_STANDARD = "gnu++0x";
				CLANG_CXX_LIBRARY = "libc++";
				CLANG_ENABLE_MODULES = YES;
				CLANG_ENABLE_OBJC_ARC = YES;
				CLANG_WARN_BOOL_CONVERSION = YES;
				CLANG_WARN_CONSTANT_CONVERSION = YES;
				CLANG_WARN_DIRECT_OBJC_ISA_USAGE = YES_ERROR;
				CLANG_WARN_EMPTY_BODY = YES;
				CLANG_WARN_ENUM_CONVERSION = YES;
				CLANG_WARN_INT_CONVERSION = YES;
				CLANG_WARN_OBJC_ROOT_CLASS = YES_ERROR;
				CLANG_WARN_UNREACHABLE_CODE = YES;
				CLANG_WARN__DUPLICATE_METHOD_MATCH = YES;
				"CODE_SIGN_IDENTITY[sdk=iphoneos*]" = "iPhone Developer";
				COPY_PHASE_STRIP = NO;
				DEBUG_INFORMATION_FORMAT = "dwarf-with-dsym";
				ENABLE_NS_ASSERTIONS = NO;
				ENABLE_STRICT_OBJC_MSGSEND = YES;
				GCC_C_LANGUAGE_STANDARD = gnu99;
				GCC_NO_COMMON_BLOCKS = YES;
				GCC_WARN_64_TO_32_BIT_CONVERSION = YES;
				GCC_WARN_ABOUT_RETURN_TYPE = YES_ERROR;
				GCC_WARN_UNDECLARED_SELECTOR = YES;
				GCC_WARN_UNINITIALIZED_AUTOS = YES_AGGRESSIVE;
				GCC_WARN_UNUSED_FUNCTION = YES;
				GCC_WARN_UNUSED_VARIABLE = YES;
				IPHONEOS_DEPLOYMENT_TARGET = 9.3;
				MTL_ENABLE_DEBUG_INFO = NO;
				SDKROOT = iphoneos;
				TARGETED_DEVICE_FAMILY = "1,2";
				VALIDATE_PRODUCT = YES;
			};
			name = Release;
		};
		1B9603C41D1A6A3F003F10BE /* Debug */ = {
			isa = XCBuildConfiguration;
			baseConfigurationReference = DB9ECE47B9F1BE6D39D6C093 /* Pods.debug.xcconfig */;
			buildSettings = {
				ASSETCATALOG_COMPILER_APPICON_NAME = AppIcon;
				INFOPLIST_FILE = LoginDemo/Info.plist;
				LD_RUNPATH_SEARCH_PATHS = "$(inherited) @executable_path/Frameworks";
				PRODUCT_BUNDLE_IDENTIFIER = limao.LoginDemo;
				PRODUCT_NAME = "$(TARGET_NAME)";
			};
			name = Debug;
		};
		1B9603C51D1A6A3F003F10BE /* Release */ = {
			isa = XCBuildConfiguration;
			baseConfigurationReference = 694B38134192002A21A26A84 /* Pods.release.xcconfig */;
			buildSettings = {
				ASSETCATALOG_COMPILER_APPICON_NAME = AppIcon;
				INFOPLIST_FILE = LoginDemo/Info.plist;
				LD_RUNPATH_SEARCH_PATHS = "$(inherited) @executable_path/Frameworks";
				PRODUCT_BUNDLE_IDENTIFIER = limao.LoginDemo;
				PRODUCT_NAME = "$(TARGET_NAME)";
			};
			name = Release;
		};
		1B9603C71D1A6A3F003F10BE /* Debug */ = {
			isa = XCBuildConfiguration;
			buildSettings = {
				BUNDLE_LOADER = "$(TEST_HOST)";
				INFOPLIST_FILE = LoginDemoTests/Info.plist;
				LD_RUNPATH_SEARCH_PATHS = "$(inherited) @executable_path/Frameworks @loader_path/Frameworks";
				PRODUCT_BUNDLE_IDENTIFIER = limao.LoginDemoTests;
				PRODUCT_NAME = "$(TARGET_NAME)";
				TEST_HOST = "$(BUILT_PRODUCTS_DIR)/LoginDemo.app/LoginDemo";
			};
			name = Debug;
		};
		1B9603C81D1A6A3F003F10BE /* Release */ = {
			isa = XCBuildConfiguration;
			buildSettings = {
				BUNDLE_LOADER = "$(TEST_HOST)";
				INFOPLIST_FILE = LoginDemoTests/Info.plist;
				LD_RUNPATH_SEARCH_PATHS = "$(inherited) @executable_path/Frameworks @loader_path/Frameworks";
				PRODUCT_BUNDLE_IDENTIFIER = limao.LoginDemoTests;
				PRODUCT_NAME = "$(TARGET_NAME)";
				TEST_HOST = "$(BUILT_PRODUCTS_DIR)/LoginDemo.app/LoginDemo";
			};
			name = Release;
		};
		1B9603CA1D1A6A3F003F10BE /* Debug */ = {
			isa = XCBuildConfiguration;
			buildSettings = {
				INFOPLIST_FILE = LoginDemoUITests/Info.plist;
				LD_RUNPATH_SEARCH_PATHS = "$(inherited) @executable_path/Frameworks @loader_path/Frameworks";
				PRODUCT_BUNDLE_IDENTIFIER = limao.LoginDemoUITests;
				PRODUCT_NAME = "$(TARGET_NAME)";
				TEST_TARGET_NAME = LoginDemo;
			};
			name = Debug;
		};
		1B9603CB1D1A6A3F003F10BE /* Release */ = {
			isa = XCBuildConfiguration;
			buildSettings = {
				INFOPLIST_FILE = LoginDemoUITests/Info.plist;
				LD_RUNPATH_SEARCH_PATHS = "$(inherited) @executable_path/Frameworks @loader_path/Frameworks";
				PRODUCT_BUNDLE_IDENTIFIER = limao.LoginDemoUITests;
				PRODUCT_NAME = "$(TARGET_NAME)";
				TEST_TARGET_NAME = LoginDemo;
			};
			name = Release;
		};
/* End XCBuildConfiguration section */

/* Begin XCConfigurationList section */
		1B9603911D1A6A3F003F10BE /* Build configuration list for PBXProject "LoginDemo" */ = {
			isa = XCConfigurationList;
			buildConfigurations = (
				1B9603C11D1A6A3F003F10BE /* Debug */,
				1B9603C21D1A6A3F003F10BE /* Release */,
			);
			defaultConfigurationIsVisible = 0;
			defaultConfigurationName = Release;
		};
		1B9603C31D1A6A3F003F10BE /* Build configuration list for PBXNativeTarget "LoginDemo" */ = {
			isa = XCConfigurationList;
			buildConfigurations = (
				1B9603C41D1A6A3F003F10BE /* Debug */,
				1B9603C51D1A6A3F003F10BE /* Release */,
			);
			defaultConfigurationIsVisible = 0;
			defaultConfigurationName = Release;
		};
		1B9603C61D1A6A3F003F10BE /* Build configuration list for PBXNativeTarget "LoginDemoTests" */ = {
			isa = XCConfigurationList;
			buildConfigurations = (
				1B9603C71D1A6A3F003F10BE /* Debug */,
				1B9603C81D1A6A3F003F10BE /* Release */,
			);
			defaultConfigurationIsVisible = 0;
			defaultConfigurationName = Release;
		};
		1B9603C91D1A6A3F003F10BE /* Build configuration list for PBXNativeTarget "LoginDemoUITests" */ = {
			isa = XCConfigurationList;
			buildConfigurations = (
				1B9603CA1D1A6A3F003F10BE /* Debug */,
				1B9603CB1D1A6A3F003F10BE /* Release */,
			);
			defaultConfigurationIsVisible = 0;
			defaultConfigurationName = Release;
		};
/* End XCConfigurationList section */
	};
	rootObject = 1B96038E1D1A6A3F003F10BE /* Project object */;
}
